
Microsoft Visual Studio Solution File, Format Version 12.00
# Visual Studio Version 17
VisualStudioVersion = 17.11.35222.181
MinimumVisualStudioVersion = 10.0.40219.1
Project("{FAE04EC0-301F-11D3-BF4B-00C04F79EFBC}") = "Game_f", "Game_f\Game_f.csproj", "{50EBBA97-1785-466B-ADFF-235466628925}"
EndProject
Project("{FAE04EC0-301F-11D3-BF4B-00C04F79EFBC}") = "game_Program", "game_Program\game_Program.csproj", "{AFEA5A79-AC00-4E86-8EAB-E93A2C367F8A}"
EndProject
Global
	GlobalSection(SolutionConfigurationPlatforms) = preSolution
		Debug|Any CPU = Debug|Any CPU
		Release|Any CPU = Release|Any CPU
	EndGlobalSection
	GlobalSection(ProjectConfigurationPlatforms) = postSolution
		{50EBBA97-1785-466B-ADFF-235466628925}.Debug|Any CPU.ActiveCfg = Debug|Any CPU
		{50EBBA97-1785-466B-ADFF-235466628925}.Debug|Any CPU.Build.0 = Debug|Any CPU
		{50EBBA97-1785-466B-ADFF-235466628925}.Release|Any CPU.ActiveCfg = Release|Any CPU
		{50EBBA97-1785-466B-ADFF-235466628925}.Release|Any CPU.Build.0 = Release|Any CPU
		{AFEA5A79-AC00-4E86-8EAB-E93A2C367F8A}.Debug|Any CPU.ActiveCfg = Debug|Any CPU
		{AFEA5A79-AC00-4E86-8EAB-E93A2C367F8A}.Debug|Any CPU.Build.0 = Debug|Any CPU
		{AFEA5A79-AC00-4E86-8EAB-E93A2C367F8A}.Release|Any CPU.ActiveCfg = Release|Any CPU
		{AFEA5A79-AC00-4E86-8EAB-E93A2C367F8A}.Release|Any CPU.Build.0 = Release|Any CPU
	EndGlobalSection
	GlobalSection(SolutionProperties) = preSolution
		HideSolutionNode = FALSE
	EndGlobalSection
	GlobalSection(ExtensibilityGlobals) = postSolution
		SolutionGuid = {4C43744C-A453-4E40-8122-5729CA6504C1}
	EndGlobalSection
EndGlobal
