
Microsoft Visual Studio Solution File, Format Version 12.00
# Visual Studio Version 17
VisualStudioVersion = 17.9.34701.34
MinimumVisualStudioVersion = 10.0.40219.1
Project("{FAE04EC0-301F-11D3-BF4B-00C04F79EFBC}") = "lab_2", "lab_2.csproj", "{F88B8FC4-2D85-40B5-A944-B1C8685BBB42}"
EndProject
Global
	GlobalSection(SolutionConfigurationPlatforms) = preSolution
		Debug|Any CPU = Debug|Any CPU
		Release|Any CPU = Release|Any CPU
	EndGlobalSection
	GlobalSection(ProjectConfigurationPlatforms) = postSolution
		{F88B8FC4-2D85-40B5-A944-B1C8685BBB42}.Debug|Any CPU.ActiveCfg = Debug|Any CPU
		{F88B8FC4-2D85-40B5-A944-B1C8685BBB42}.Debug|Any CPU.Build.0 = Debug|Any CPU
		{F88B8FC4-2D85-40B5-A944-B1C8685BBB42}.Release|Any CPU.ActiveCfg = Release|Any CPU
		{F88B8FC4-2D85-40B5-A944-B1C8685BBB42}.Release|Any CPU.Build.0 = Release|Any CPU
	EndGlobalSection
	GlobalSection(SolutionProperties) = preSolution
		HideSolutionNode = FALSE
	EndGlobalSection
	GlobalSection(ExtensibilityGlobals) = postSolution
		SolutionGuid = {84DFE3F6-D433-4471-989D-F20497504146}
	EndGlobalSection
EndGlobal
